
Microsoft Visual Studio Solution File, Format Version 12.00
# Visual Studio Version 17
VisualStudioVersion = 17.6.33815.320
MinimumVisualStudioVersion = 10.0.40219.1
Project("{8BC9CEB8-8B4A-11D0-8D11-00A0C91BC942}") = "chicken_test", "chicken_test.vcxproj", "{BCEE83BB-16E1-4492-AAAA-3CED1319E1C9}"
EndProject
Global
	GlobalSection(SolutionConfigurationPlatforms) = preSolution
		Debug|x64 = Debug|x64
		Debug|x86 = Debug|x86
		Release|x64 = Release|x64
		Release|x86 = Release|x86
	EndGlobalSection
	GlobalSection(ProjectConfigurationPlatforms) = postSolution
		{BCEE83BB-16E1-4492-AAAA-3CED1319E1C9}.Debug|x64.ActiveCfg = Debug|x64
		{BCEE83BB-16E1-4492-AAAA-3CED1319E1C9}.Debug|x64.Build.0 = Debug|x64
		{BCEE83BB-16E1-4492-AAAA-3CED1319E1C9}.Debug|x86.ActiveCfg = Debug|Win32
		{BCEE83BB-16E1-4492-AAAA-3CED1319E1C9}.Debug|x86.Build.0 = Debug|Win32
		{BCEE83BB-16E1-4492-AAAA-3CED1319E1C9}.Release|x64.ActiveCfg = Release|x64
		{BCEE83BB-16E1-4492-AAAA-3CED1319E1C9}.Release|x64.Build.0 = Release|x64
		{BCEE83BB-16E1-4492-AAAA-3CED1319E1C9}.Release|x86.ActiveCfg = Release|Win32
		{BCEE83BB-16E1-4492-AAAA-3CED1319E1C9}.Release|x86.Build.0 = Release|Win32
	EndGlobalSection
	GlobalSection(SolutionProperties) = preSolution
		HideSolutionNode = FALSE
	EndGlobalSection
	GlobalSection(ExtensibilityGlobals) = postSolution
		SolutionGuid = {0C514FA6-061E-4519-8B8A-2024D68EAC20}
	EndGlobalSection
EndGlobal
